
Microsoft Visual Studio Solution File, Format Version 12.00
# Visual Studio 15
VisualStudioVersion = 15.0.28307.421
MinimumVisualStudioVersion = 10.0.40219.1
Project("{FAE04EC0-301F-11D3-BF4B-00C04F79EFBC}") = "USBTest", "USBTest.csproj", "{BC5742C0-8754-4F73-BDA3-4D5063B0DDFB}"
EndProject
Global
	GlobalSection(SolutionConfigurationPlatforms) = preSolution
		Debug|Any CPU = Debug|Any CPU
		Release|Any CPU = Release|Any CPU
	EndGlobalSection
	GlobalSection(ProjectConfigurationPlatforms) = postSolution
		{BC5742C0-8754-4F73-BDA3-4D5063B0DDFB}.Debug|Any CPU.ActiveCfg = Debug|Any CPU
		{BC5742C0-8754-4F73-BDA3-4D5063B0DDFB}.Debug|Any CPU.Build.0 = Debug|Any CPU
		{BC5742C0-8754-4F73-BDA3-4D5063B0DDFB}.Release|Any CPU.ActiveCfg = Release|Any CPU
		{BC5742C0-8754-4F73-BDA3-4D5063B0DDFB}.Release|Any CPU.Build.0 = Release|Any CPU
	EndGlobalSection
	GlobalSection(SolutionProperties) = preSolution
		HideSolutionNode = FALSE
	EndGlobalSection
	GlobalSection(ExtensibilityGlobals) = postSolution
		SolutionGuid = {505668C8-BCD6-4E09-BC62-360240D03890}
	EndGlobalSection
EndGlobal
